// !$*UTF8*$!
{ archiveVersion = 1; classes = {}; objectVersion = 56; objects = {
1A0327235E32ED9B782E9D66 = {isa = PBXFileReference; lastKnownFileType = sourcecode.swift; path = "Sources/ApplePlatformServices.swift"; sourceTree = "<group>";};
6C67CE2FE9C5FF485391FE05 = {isa = PBXBuildFile; fileRef = 1A0327235E32ED9B782E9D66;};
DE5BD2B324565F727D361E02 = {isa = PBXFileReference; lastKnownFileType = sourcecode.swift; path = "Sources/HanppieApp.swift"; sourceTree = "<group>";};
71087A44117325E90C3474EF = {isa = PBXBuildFile; fileRef = DE5BD2B324565F727D361E02;};
825F04391869715BB7CF6718 = {isa = PBXFileReference; lastKnownFileType = sourcecode.swift; path = "Sources/Media/AudioPlayback.swift"; sourceTree = "<group>";};
315B004C2A0FD8CAB8074A88 = {isa = PBXBuildFile; fileRef = 825F04391869715BB7CF6718;};
04E9E52FCABF2537FD715EC8 = {isa = PBXFileReference; lastKnownFileType = sourcecode.swift; path = "Sources/Media/MicrophoneCapture.swift"; sourceTree = "<group>";};
DDF910334F71A42CCF4B627D = {isa = PBXBuildFile; fileRef = 04E9E52FCABF2537FD715EC8;};
C0B3DC8C0D076717EB14FEE2 = {isa = PBXFileReference; lastKnownFileType = sourcecode.swift; path = "Sources/Media/OpusAudio.swift"; sourceTree = "<group>";};
3225BEB1BCD9D039F5724FE3 = {isa = PBXBuildFile; fileRef = C0B3DC8C0D076717EB14FEE2;};
39BEA4EA74F0ABC5A8974AA7 = {isa = PBXFileReference; lastKnownFileType = sourcecode.swift; path = "Sources/Media/VideoPipeline.swift"; sourceTree = "<group>";};
2CA61018A415FC2E102C8A92 = {isa = PBXBuildFile; fileRef = 39BEA4EA74F0ABC5A8974AA7;};
2293589226D16A90EE1D608B = {isa = PBXFileReference; lastKnownFileType = text.plist.xml; path = "Sources/Info.plist"; sourceTree = "<group>";};
A4201349BD80E9D17E5F1F06 = {isa = PBXFileReference; lastKnownFileType = text.plist.entitlements; path = "Sources/Hanppie.entitlements"; sourceTree = "<group>";};
9F36DE8808698262C65FEFF7 = {isa = PBXFileReference; lastKnownFileType = folder.assetcatalog; path = "Sources/Assets.xcassets"; sourceTree = "<group>";};
F50757DEC9BB7E6F6C6579E5 = {isa = PBXBuildFile; fileRef = 9F36DE8808698262C65FEFF7;};
F1D732FE98D5BACD89BAB2E6 = {isa = PBXFileReference; lastKnownFileType = text.xml; path = "Sources/PrivacyInfo.xcprivacy"; sourceTree = "<group>";};
AE66F67798D373FE5AE72BE2 = {isa = PBXBuildFile; fileRef = F1D732FE98D5BACD89BAB2E6;};
157845D70D818422EB6A6A11 = {isa = PBXFileReference; lastKnownFileType = text.plist.strings; name = "en"; path = "Sources/Resources/en.lproj/Localizable.strings"; sourceTree = "<group>";};
F39268032081D0405BD9BF6A = {isa = PBXFileReference; lastKnownFileType = text.plist.strings; name = "zh-Hans"; path = "Sources/Resources/zh-Hans.lproj/Localizable.strings"; sourceTree = "<group>";};
B4F9001FEF5406956D64F3DB = {isa = PBXVariantGroup; children = (157845D70D818422EB6A6A11,F39268032081D0405BD9BF6A,); name = "Localizable.strings"; sourceTree = "<group>";};
3B42034B75E3F15B5B9F481C = {isa = PBXBuildFile; fileRef = B4F9001FEF5406956D64F3DB;};
428FDD2E60F1FA54F341AECC = {isa = PBXFileReference; lastKnownFileType = text.plist.strings; name = "zh-Hans"; path = "Sources/Resources/zh-Hans.lproj/InfoPlist.strings"; sourceTree = "<group>";};
81C7B96EA3173C0C3B4C8FDC = {isa = PBXVariantGroup; children = (428FDD2E60F1FA54F341AECC,); name = "InfoPlist.strings"; sourceTree = "<group>";};
86AE20D50FADC0A03766E946 = {isa = PBXBuildFile; fileRef = 81C7B96EA3173C0C3B4C8FDC;};
8BCD5BC4CDFDF0918087C782 = {isa = PBXFileReference; explicitFileType = wrapper.application; path = Hanppie.app; sourceTree = BUILT_PRODUCTS_DIR;};
33D3F70DACF79CE2E8798D4A = {isa = PBXShellScriptBuildPhase; alwaysOutOfDate = 1; buildActionMask = 2147483647; files = (); inputPaths = (); name = "Build Kotlin framework"; outputPaths = (); runOnlyForDeploymentPostprocessing = 0; shellPath = /bin/sh; shellScript = "set -e\ncd \"$SRCROOT/..\"\n./gradlew :shared:embedAndSignAppleFrameworkForXcode\n";};
AB1AF76D8345F73C1B7A8259 = {isa = PBXFileReference; lastKnownFileType = text.xcconfig; path = "../version.xcconfig"; sourceTree = "<group>";};
E9B2E96ABC5F6856F2BE79CF = {isa = XCBuildConfiguration; baseConfigurationReference = AB1AF76D8345F73C1B7A8259; buildSettings = {ARCHS = "arm64"; SDKROOT = "iphoneos"; IPHONEOS_DEPLOYMENT_TARGET = "18.5"; SWIFT_VERSION = "5.0"; CLANG_ENABLE_MODULES = "YES"; ENABLE_USER_SCRIPT_SANDBOXING = "NO"; DEBUG_INFORMATION_FORMAT = "dwarf"; SWIFT_OPTIMIZATION_LEVEL = "-Onone"; GCC_PREPROCESSOR_DEFINITIONS = ("$(inherited)","DEBUG=1",); ONLY_ACTIVE_ARCH = "YES"; PRODUCT_BUNDLE_IDENTIFIER = "cn.elonzh.hanppie"; PRODUCT_NAME = "Hanppie"; TARGETED_DEVICE_FAMILY = "1,2"; INFOPLIST_FILE = "Sources/Info.plist"; CODE_SIGN_ENTITLEMENTS = "Sources/Hanppie.entitlements"; CODE_SIGN_STYLE = "Automatic"; ASSETCATALOG_COMPILER_APPICON_NAME = "AppIcon"; FRAMEWORK_SEARCH_PATHS = ("$(inherited)","$(SRCROOT)/../shared/build/xcode-frameworks/$(CONFIGURATION)/$(SDK_NAME)",); OTHER_LDFLAGS = ("$(inherited)","-framework","HanppieShared",); LD_RUNPATH_SEARCH_PATHS = ("$(inherited)","@executable_path/Frameworks",); SWIFT_ACTIVE_COMPILATION_CONDITIONS = "DEBUG"; ENABLE_TESTABILITY = "YES";}; name = Debug;};
5A8C91857F674E16E2724F47 = {isa = XCBuildConfiguration; baseConfigurationReference = AB1AF76D8345F73C1B7A8259; buildSettings = {ARCHS = "arm64"; SDKROOT = "iphoneos"; IPHONEOS_DEPLOYMENT_TARGET = "18.5"; SWIFT_VERSION = "5.0"; CLANG_ENABLE_MODULES = "YES"; ENABLE_USER_SCRIPT_SANDBOXING = "NO"; DEBUG_INFORMATION_FORMAT = "dwarf-with-dsym"; SWIFT_OPTIMIZATION_LEVEL = "-O"; GCC_PREPROCESSOR_DEFINITIONS = ("$(inherited)",); ONLY_ACTIVE_ARCH = "NO"; PRODUCT_BUNDLE_IDENTIFIER = "cn.elonzh.hanppie"; PRODUCT_NAME = "Hanppie"; TARGETED_DEVICE_FAMILY = "1,2"; INFOPLIST_FILE = "Sources/Info.plist"; CODE_SIGN_ENTITLEMENTS = "Sources/Hanppie.entitlements"; CODE_SIGN_STYLE = "Automatic"; ASSETCATALOG_COMPILER_APPICON_NAME = "AppIcon"; FRAMEWORK_SEARCH_PATHS = ("$(inherited)","$(SRCROOT)/../shared/build/xcode-frameworks/$(CONFIGURATION)/$(SDK_NAME)",); OTHER_LDFLAGS = ("$(inherited)","-framework","HanppieShared",); LD_RUNPATH_SEARCH_PATHS = ("$(inherited)","@executable_path/Frameworks",);}; name = Release;};
3ADB3100893F0122E432328D = {isa = XCConfigurationList; buildConfigurations = (E9B2E96ABC5F6856F2BE79CF,5A8C91857F674E16E2724F47,); defaultConfigurationIsVisible = 0; defaultConfigurationName = Release;};
971ED9D05B25DB6C4D7680D4 = {isa = PBXSourcesBuildPhase; buildActionMask = 2147483647; files = (6C67CE2FE9C5FF485391FE05,71087A44117325E90C3474EF,315B004C2A0FD8CAB8074A88,DDF910334F71A42CCF4B627D,3225BEB1BCD9D039F5724FE3,2CA61018A415FC2E102C8A92,); runOnlyForDeploymentPostprocessing = 0;};
78AE8C6BEB2A40A6D824CCEE = {isa = PBXFrameworksBuildPhase; buildActionMask = 2147483647; files = (); runOnlyForDeploymentPostprocessing = 0;};
364863F9F2E558B0F50473FC = {isa = PBXResourcesBuildPhase; buildActionMask = 2147483647; files = (F50757DEC9BB7E6F6C6579E5,AE66F67798D373FE5AE72BE2,3B42034B75E3F15B5B9F481C,86AE20D50FADC0A03766E946,); runOnlyForDeploymentPostprocessing = 0;};
7D1043473D55BFA90E8530D3 = {isa = PBXNativeTarget; buildConfigurationList = 3ADB3100893F0122E432328D; buildPhases = (33D3F70DACF79CE2E8798D4A,971ED9D05B25DB6C4D7680D4,78AE8C6BEB2A40A6D824CCEE,364863F9F2E558B0F50473FC,); buildRules = (); dependencies = (); name = Hanppie; productName = Hanppie; productReference = 8BCD5BC4CDFDF0918087C782; productType = "com.apple.product-type.application";};
6351BEE8A2376FED58538085 = {isa = PBXFileReference; lastKnownFileType = sourcecode.swift; path = "Tests/MediaContractTests.swift"; sourceTree = "<group>";};
0CD1A070D69AC96B9FDC2A40 = {isa = PBXBuildFile; fileRef = 6351BEE8A2376FED58538085;};
A10E760DBF6F8FD5B9C2A08D = {isa = PBXFileReference; explicitFileType = wrapper.cfbundle; path = HanppieTests.xctest; sourceTree = BUILT_PRODUCTS_DIR;};
01519231BD4109F0DE71936A = {isa = PBXContainerItemProxy; containerPortal = 98F54143AB4E86B28C3AFEE0; proxyType = 1; remoteGlobalIDString = 7D1043473D55BFA90E8530D3; remoteInfo = Hanppie;};
4A63328038C6F48043E4E075 = {isa = PBXTargetDependency; target = 7D1043473D55BFA90E8530D3; targetProxy = 01519231BD4109F0DE71936A;};
02BCA484C5575CA4CA024BA4 = {isa = XCBuildConfiguration;  buildSettings = {ARCHS = "arm64"; SDKROOT = "iphoneos"; IPHONEOS_DEPLOYMENT_TARGET = "18.5"; SWIFT_VERSION = "5.0"; CLANG_ENABLE_MODULES = "YES"; ENABLE_USER_SCRIPT_SANDBOXING = "NO"; DEBUG_INFORMATION_FORMAT = "dwarf"; SWIFT_OPTIMIZATION_LEVEL = "-Onone"; GCC_PREPROCESSOR_DEFINITIONS = ("$(inherited)","DEBUG=1",); ONLY_ACTIVE_ARCH = "YES"; PRODUCT_BUNDLE_IDENTIFIER = "cn.elonzh.hanppie.HanppieTests"; PRODUCT_NAME = "$(TARGET_NAME)"; GENERATE_INFOPLIST_FILE = "YES"; TARGETED_DEVICE_FAMILY = "1,2"; CODE_SIGN_STYLE = "Automatic"; FRAMEWORK_SEARCH_PATHS = ("$(inherited)","$(SRCROOT)/../shared/build/xcode-frameworks/$(CONFIGURATION)/$(SDK_NAME)",); TEST_HOST = "$(BUILT_PRODUCTS_DIR)/Hanppie.app/$(BUNDLE_EXECUTABLE_FOLDER_PATH)/Hanppie"; BUNDLE_LOADER = "$(TEST_HOST)"; SWIFT_ACTIVE_COMPILATION_CONDITIONS = "DEBUG"; ENABLE_TESTABILITY = "YES";}; name = Debug;};
A3BCFEE8CBAAE28919C0AABB = {isa = XCBuildConfiguration;  buildSettings = {ARCHS = "arm64"; SDKROOT = "iphoneos"; IPHONEOS_DEPLOYMENT_TARGET = "18.5"; SWIFT_VERSION = "5.0"; CLANG_ENABLE_MODULES = "YES"; ENABLE_USER_SCRIPT_SANDBOXING = "NO"; DEBUG_INFORMATION_FORMAT = "dwarf-with-dsym"; SWIFT_OPTIMIZATION_LEVEL = "-O"; GCC_PREPROCESSOR_DEFINITIONS = ("$(inherited)",); ONLY_ACTIVE_ARCH = "NO"; PRODUCT_BUNDLE_IDENTIFIER = "cn.elonzh.hanppie.HanppieTests"; PRODUCT_NAME = "$(TARGET_NAME)"; GENERATE_INFOPLIST_FILE = "YES"; TARGETED_DEVICE_FAMILY = "1,2"; CODE_SIGN_STYLE = "Automatic"; FRAMEWORK_SEARCH_PATHS = ("$(inherited)","$(SRCROOT)/../shared/build/xcode-frameworks/$(CONFIGURATION)/$(SDK_NAME)",); TEST_HOST = "$(BUILT_PRODUCTS_DIR)/Hanppie.app/$(BUNDLE_EXECUTABLE_FOLDER_PATH)/Hanppie"; BUNDLE_LOADER = "$(TEST_HOST)";}; name = Release;};
704270E32E7C655593EFAB20 = {isa = XCConfigurationList; buildConfigurations = (02BCA484C5575CA4CA024BA4,A3BCFEE8CBAAE28919C0AABB,); defaultConfigurationIsVisible = 0; defaultConfigurationName = Release;};
1DB044D00DA248D5AAC1F9A6 = {isa = PBXFileReference; lastKnownFileType = file; path = "Tests/Fixtures/frame.h264"; sourceTree = "<group>";};
EC5E3B122EE863B2C63E7DBC = {isa = PBXBuildFile; fileRef = 1DB044D00DA248D5AAC1F9A6;};
31B81FE420C54E27C4CBBF1B = {isa = PBXSourcesBuildPhase; buildActionMask = 2147483647; files = (0CD1A070D69AC96B9FDC2A40,); runOnlyForDeploymentPostprocessing = 0;};
CA3FA67A69243E562125B844 = {isa = PBXFrameworksBuildPhase; buildActionMask = 2147483647; files = (); runOnlyForDeploymentPostprocessing = 0;};
42EE85B1D4CBEB33CE8AE66B = {isa = PBXResourcesBuildPhase; buildActionMask = 2147483647; files = (EC5E3B122EE863B2C63E7DBC,); runOnlyForDeploymentPostprocessing = 0;};
21A53BED775BD2D1E1D5AEBB = {isa = PBXNativeTarget; buildConfigurationList = 704270E32E7C655593EFAB20; buildPhases = (31B81FE420C54E27C4CBBF1B,CA3FA67A69243E562125B844,42EE85B1D4CBEB33CE8AE66B,); buildRules = (); dependencies = (4A63328038C6F48043E4E075,); name = HanppieTests; productName = HanppieTests; productReference = A10E760DBF6F8FD5B9C2A08D; productType = "com.apple.product-type.bundle.unit-test";};
7DD825E41B4A317508457FBD = {isa = PBXFileReference; lastKnownFileType = sourcecode.swift; path = "UITests/WorkbenchTests.swift"; sourceTree = "<group>";};
02784AF74724C48DDCE5C7E1 = {isa = PBXBuildFile; fileRef = 7DD825E41B4A317508457FBD;};
94670F1173983DD05DA3D63F = {isa = PBXFileReference; explicitFileType = wrapper.cfbundle; path = HanppieUITests.xctest; sourceTree = BUILT_PRODUCTS_DIR;};
DC28623DEEAB506BCFBD625F = {isa = PBXContainerItemProxy; containerPortal = 98F54143AB4E86B28C3AFEE0; proxyType = 1; remoteGlobalIDString = 7D1043473D55BFA90E8530D3; remoteInfo = Hanppie;};
1259C6D9209BA12CE0F0ECE2 = {isa = PBXTargetDependency; target = 7D1043473D55BFA90E8530D3; targetProxy = DC28623DEEAB506BCFBD625F;};
0118F6512E1E22D8738F74C7 = {isa = XCBuildConfiguration;  buildSettings = {ARCHS = "arm64"; SDKROOT = "iphoneos"; IPHONEOS_DEPLOYMENT_TARGET = "18.5"; SWIFT_VERSION = "5.0"; CLANG_ENABLE_MODULES = "YES"; ENABLE_USER_SCRIPT_SANDBOXING = "NO"; DEBUG_INFORMATION_FORMAT = "dwarf"; SWIFT_OPTIMIZATION_LEVEL = "-Onone"; GCC_PREPROCESSOR_DEFINITIONS = ("$(inherited)","DEBUG=1",); ONLY_ACTIVE_ARCH = "YES"; PRODUCT_BUNDLE_IDENTIFIER = "cn.elonzh.hanppie.HanppieUITests"; PRODUCT_NAME = "$(TARGET_NAME)"; GENERATE_INFOPLIST_FILE = "YES"; TARGETED_DEVICE_FAMILY = "1,2"; CODE_SIGN_STYLE = "Automatic"; FRAMEWORK_SEARCH_PATHS = ("$(inherited)","$(SRCROOT)/../shared/build/xcode-frameworks/$(CONFIGURATION)/$(SDK_NAME)",); TEST_TARGET_NAME = "Hanppie"; SWIFT_ACTIVE_COMPILATION_CONDITIONS = "DEBUG"; ENABLE_TESTABILITY = "YES";}; name = Debug;};
4A23616BBE8DB989F2EC2495 = {isa = XCBuildConfiguration;  buildSettings = {ARCHS = "arm64"; SDKROOT = "iphoneos"; IPHONEOS_DEPLOYMENT_TARGET = "18.5"; SWIFT_VERSION = "5.0"; CLANG_ENABLE_MODULES = "YES"; ENABLE_USER_SCRIPT_SANDBOXING = "NO"; DEBUG_INFORMATION_FORMAT = "dwarf-with-dsym"; SWIFT_OPTIMIZATION_LEVEL = "-O"; GCC_PREPROCESSOR_DEFINITIONS = ("$(inherited)",); ONLY_ACTIVE_ARCH = "NO"; PRODUCT_BUNDLE_IDENTIFIER = "cn.elonzh.hanppie.HanppieUITests"; PRODUCT_NAME = "$(TARGET_NAME)"; GENERATE_INFOPLIST_FILE = "YES"; TARGETED_DEVICE_FAMILY = "1,2"; CODE_SIGN_STYLE = "Automatic"; FRAMEWORK_SEARCH_PATHS = ("$(inherited)","$(SRCROOT)/../shared/build/xcode-frameworks/$(CONFIGURATION)/$(SDK_NAME)",); TEST_TARGET_NAME = "Hanppie";}; name = Release;};
B9CA1476775891CC3CB8CFA9 = {isa = XCConfigurationList; buildConfigurations = (0118F6512E1E22D8738F74C7,4A23616BBE8DB989F2EC2495,); defaultConfigurationIsVisible = 0; defaultConfigurationName = Release;};
A98F961DBD57D57F43DE746B = {isa = PBXSourcesBuildPhase; buildActionMask = 2147483647; files = (02784AF74724C48DDCE5C7E1,); runOnlyForDeploymentPostprocessing = 0;};
72035AE43E042FAA5090C54C = {isa = PBXFrameworksBuildPhase; buildActionMask = 2147483647; files = (); runOnlyForDeploymentPostprocessing = 0;};
09E449E261B6531CC223AF40 = {isa = PBXResourcesBuildPhase; buildActionMask = 2147483647; files = (); runOnlyForDeploymentPostprocessing = 0;};
FC5B77CA3DA45D88762E7DF1 = {isa = PBXNativeTarget; buildConfigurationList = B9CA1476775891CC3CB8CFA9; buildPhases = (A98F961DBD57D57F43DE746B,72035AE43E042FAA5090C54C,09E449E261B6531CC223AF40,); buildRules = (); dependencies = (1259C6D9209BA12CE0F0ECE2,); name = HanppieUITests; productName = HanppieUITests; productReference = 94670F1173983DD05DA3D63F; productType = "com.apple.product-type.bundle.ui-testing";};
FBDC4F23F93125BBEEAE800C = {isa = PBXGroup; children = (8BCD5BC4CDFDF0918087C782,A10E760DBF6F8FD5B9C2A08D,94670F1173983DD05DA3D63F,); name = Products; sourceTree = "<group>";};
DC76E9F0C0006E8F919E0C51 = {isa = PBXGroup; children = (1A0327235E32ED9B782E9D66,DE5BD2B324565F727D361E02,825F04391869715BB7CF6718,04E9E52FCABF2537FD715EC8,C0B3DC8C0D076717EB14FEE2,39BEA4EA74F0ABC5A8974AA7,2293589226D16A90EE1D608B,A4201349BD80E9D17E5F1F06,9F36DE8808698262C65FEFF7,F1D732FE98D5BACD89BAB2E6,B4F9001FEF5406956D64F3DB,81C7B96EA3173C0C3B4C8FDC,AB1AF76D8345F73C1B7A8259,6351BEE8A2376FED58538085,1DB044D00DA248D5AAC1F9A6,7DD825E41B4A317508457FBD,FBDC4F23F93125BBEEAE800C,); sourceTree = "<group>";};
89E1FD6268CC0F221A2BE178 = {isa = XCBuildConfiguration;  buildSettings = {ARCHS = "arm64"; SDKROOT = "iphoneos"; IPHONEOS_DEPLOYMENT_TARGET = "18.5"; SWIFT_VERSION = "5.0"; CLANG_ENABLE_MODULES = "YES"; ENABLE_USER_SCRIPT_SANDBOXING = "NO"; DEBUG_INFORMATION_FORMAT = "dwarf"; SWIFT_OPTIMIZATION_LEVEL = "-Onone"; GCC_PREPROCESSOR_DEFINITIONS = ("$(inherited)","DEBUG=1",); ONLY_ACTIVE_ARCH = "YES"; SWIFT_ACTIVE_COMPILATION_CONDITIONS = "DEBUG"; ENABLE_TESTABILITY = "YES";}; name = Debug;};
E6DE6C99132752C914FEF632 = {isa = XCBuildConfiguration;  buildSettings = {ARCHS = "arm64"; SDKROOT = "iphoneos"; IPHONEOS_DEPLOYMENT_TARGET = "18.5"; SWIFT_VERSION = "5.0"; CLANG_ENABLE_MODULES = "YES"; ENABLE_USER_SCRIPT_SANDBOXING = "NO"; DEBUG_INFORMATION_FORMAT = "dwarf-with-dsym"; SWIFT_OPTIMIZATION_LEVEL = "-O"; GCC_PREPROCESSOR_DEFINITIONS = ("$(inherited)",); ONLY_ACTIVE_ARCH = "NO";}; name = Release;};
FBD3510CED826C9DAA696E48 = {isa = XCConfigurationList; buildConfigurations = (89E1FD6268CC0F221A2BE178,E6DE6C99132752C914FEF632,); defaultConfigurationIsVisible = 0; defaultConfigurationName = Release;};
98F54143AB4E86B28C3AFEE0 = {isa = PBXProject; attributes = {BuildIndependentTargetsInParallel = YES; LastUpgradeCheck = 1600; TargetAttributes = {7D1043473D55BFA90E8530D3 = {CreatedOnToolsVersion = 16.0;};};}; buildConfigurationList = FBD3510CED826C9DAA696E48; compatibilityVersion = "Xcode 14.0"; developmentRegion = en; hasScannedForEncodings = 0; knownRegions = (en,"zh-Hans",Base,); mainGroup = DC76E9F0C0006E8F919E0C51; productRefGroup = FBDC4F23F93125BBEEAE800C; projectDirPath = ""; projectRoot = ""; targets = (7D1043473D55BFA90E8530D3,21A53BED775BD2D1E1D5AEBB,FC5B77CA3DA45D88762E7DF1,);};
}; rootObject = 98F54143AB4E86B28C3AFEE0; }
